
Microsoft Visual Studio Solution File, Format Version 12.00
# Visual Studio Version 16
VisualStudioVersion = 16.0.31702.278
MinimumVisualStudioVersion = 10.0.40219.1
Project("{9A19103F-16F7-4668-BE54-9A1E7A4F7556}") = "Whitebook.Business", "Whitebook.Business\Whitebook.Business.csproj", "{6E5F355E-F9A7-4977-8DC5-03C5AF6AAF1E}"
EndProject
Project("{9A19103F-16F7-4668-BE54-9A1E7A4F7556}") = "Whitebook.Dto", "Whitebook.Dto\Whitebook.Dto.csproj", "{6A414C19-2709-4AE2-80ED-1FFE98D63A01}"
EndProject
Project("{FAE04EC0-301F-11D3-BF4B-00C04F79EFBC}") = "WhiteBookAdmin", "WhiteBookAdmin\WhiteBookAdmin.csproj", "{13D77F65-A0B6-4852-8C95-7A3F9A8CB528}"
EndProject
Project("{FAE04EC0-301F-11D3-BF4B-00C04F79EFBC}") = "WhiteBookWep", "WhiteBookWep\WhiteBookWep.csproj", "{D1063529-A219-419A-8977-E74ECD88323F}"
EndProject
Project("{FAE04EC0-301F-11D3-BF4B-00C04F79EFBC}") = "WhiteBookDataAccess", "DataAccess\WhiteBookDataAccess.csproj", "{E5AD3479-F464-4768-8149-5B1D46388FC8}"
EndProject
Global
	GlobalSection(SolutionConfigurationPlatforms) = preSolution
		Debug|Any CPU = Debug|Any CPU
		Release|Any CPU = Release|Any CPU
	EndGlobalSection
	GlobalSection(ProjectConfigurationPlatforms) = postSolution
		{6E5F355E-F9A7-4977-8DC5-03C5AF6AAF1E}.Debug|Any CPU.ActiveCfg = Debug|Any CPU
		{6E5F355E-F9A7-4977-8DC5-03C5AF6AAF1E}.Debug|Any CPU.Build.0 = Debug|Any CPU
		{6E5F355E-F9A7-4977-8DC5-03C5AF6AAF1E}.Release|Any CPU.ActiveCfg = Release|Any CPU
		{6E5F355E-F9A7-4977-8DC5-03C5AF6AAF1E}.Release|Any CPU.Build.0 = Release|Any CPU
		{6A414C19-2709-4AE2-80ED-1FFE98D63A01}.Debug|Any CPU.ActiveCfg = Debug|Any CPU
		{6A414C19-2709-4AE2-80ED-1FFE98D63A01}.Debug|Any CPU.Build.0 = Debug|Any CPU
		{6A414C19-2709-4AE2-80ED-1FFE98D63A01}.Release|Any CPU.ActiveCfg = Release|Any CPU
		{6A414C19-2709-4AE2-80ED-1FFE98D63A01}.Release|Any CPU.Build.0 = Release|Any CPU
		{13D77F65-A0B6-4852-8C95-7A3F9A8CB528}.Debug|Any CPU.ActiveCfg = Debug|Any CPU
		{13D77F65-A0B6-4852-8C95-7A3F9A8CB528}.Debug|Any CPU.Build.0 = Debug|Any CPU
		{13D77F65-A0B6-4852-8C95-7A3F9A8CB528}.Release|Any CPU.ActiveCfg = Release|Any CPU
		{13D77F65-A0B6-4852-8C95-7A3F9A8CB528}.Release|Any CPU.Build.0 = Release|Any CPU
		{D1063529-A219-419A-8977-E74ECD88323F}.Debug|Any CPU.ActiveCfg = Debug|Any CPU
		{D1063529-A219-419A-8977-E74ECD88323F}.Debug|Any CPU.Build.0 = Debug|Any CPU
		{D1063529-A219-419A-8977-E74ECD88323F}.Release|Any CPU.ActiveCfg = Release|Any CPU
		{D1063529-A219-419A-8977-E74ECD88323F}.Release|Any CPU.Build.0 = Release|Any CPU
		{E5AD3479-F464-4768-8149-5B1D46388FC8}.Debug|Any CPU.ActiveCfg = Debug|Any CPU
		{E5AD3479-F464-4768-8149-5B1D46388FC8}.Debug|Any CPU.Build.0 = Debug|Any CPU
		{E5AD3479-F464-4768-8149-5B1D46388FC8}.Release|Any CPU.ActiveCfg = Release|Any CPU
		{E5AD3479-F464-4768-8149-5B1D46388FC8}.Release|Any CPU.Build.0 = Release|Any CPU
	EndGlobalSection
	GlobalSection(SolutionProperties) = preSolution
		HideSolutionNode = FALSE
	EndGlobalSection
	GlobalSection(ExtensibilityGlobals) = postSolution
		SolutionGuid = {9E87559F-304E-4725-8802-3EB9BAD20D63}
	EndGlobalSection
EndGlobal
